github.com/FortAwesome/Font-Awesome v0.0.0-20210804190922-7d3d774145ac/go.mod h1:IUgezN/MFpCDIlFezw3L8j83oeiIuYoj28Miwr/KUYo=
github.com/FortAwesome/Font-Awesome v0.0.0-20220831210243-d3a7818c253f/go.mod h1:IUgezN/MFpCDIlFezw3L8j83oeiIuYoj28Miwr/KUYo=
github.com/FortAwesome/Font-Awesome v0.0.0-20230327165841-0698449d50f2/go.mod h1:IUgezN/MFpCDIlFezw3L8j83oeiIuYoj28Miwr/KUYo=
github.com/FortAwesome/Font-Awesome v0.0.0-20240108205627-a1232e345536 h1:LFS9LpoSZYhxQ6clU0NIVbaGR08BlxAs4b+9W+7IGVQ=
github.com/FortAwesome/Font-Awesome v0.0.0-20240108205627-a1232e345536/go.mod h1:IUgezN/MFpCDIlFezw3L8j83oeiIuYoj28Miwr/KUYo=
github.com/FortAwesome/Font-Awesome v0.0.0-20240402185447-c0f460dca7f7/go.mod h1:IUgezN/MFpCDIlFezw3L8j83oeiIuYoj28Miwr/KUYo=
github.com/acend/docsy-acend v0.0.0-20220406070448-8027986336dc h1:kNDPVcZCXsbJxqDstPoesa9YqWx84BVowj9cgxG6dnE=
github.com/acend/docsy-acend v0.0.0-20220406070448-8027986336dc/go.mod h1:92hTJB3aPssEooTK+gv0i84vwTjah30HKaLGdupJaPA=
github.com/acend/docsy-acend v0.0.0-20220803144727-ae91bbd8a950 h1:U9lxN8KbS2BMDINtOh3GiIdgXl/5lse+TjxsUr0gcNs=
github.com/acend/docsy-acend v0.0.0-20220803144727-ae91bbd8a950/go.mod h1:h8XZkPe1VufdOQfFXcLVQ7FvOJyIMKr8rJcSvWStG2g=
github.com/acend/docsy-acend v0.0.0-20230301101952-9253f0a31c68 h1:trqoLzVYYvjHqexqpuqNzObHdJ3oSP6EqWfl3w/nPPE=
github.com/acend/docsy-acend v0.0.0-20230301101952-9253f0a31c68/go.mod h1:h8XZkPe1VufdOQfFXcLVQ7FvOJyIMKr8rJcSvWStG2g=
github.com/acend/docsy-acend v1.0.0 h1:TwmHoH3z6lh5zcNj6zUpMP4lYOhQ+OOgcbBwr7AqVoo=
github.com/acend/docsy-acend v1.0.0/go.mod h1:h8XZkPe1VufdOQfFXcLVQ7FvOJyIMKr8rJcSvWStG2g=
github.com/acend/docsy-plus v0.0.0-20220428195954-da462686a1f4 h1:NH8RTlmPMcTPxfZYlqYWWcqoQ5STebCQikKByJVRnAA=
github.com/acend/docsy-plus v0.0.0-20220428195954-da462686a1f4/go.mod h1:FUTTPmi3S92rVMbCYqXdGNxixdyqACBrFTK7dOuMttQ=
github.com/acend/docsy-plus v0.0.0-20220803122230-63e7228e737f h1:RMe3ZZ9KHUImhufaGViI6gnSTraEk+xvlTu9ae1lbys=
github.com/acend/docsy-plus v0.0.0-20220803122230-63e7228e737f/go.mod h1:YDHqf+DCZcx5HvKGzaBluPmLfgHQ2GKkYjggvF98jR4=
github.com/acend/docsy-plus v0.0.0-20221007192802-3b68a39bfb09 h1:6L6dny1gmnYw6sEZBh7gSCzbmdpOVdhN5sR1ZFt1Kj0=
github.com/acend/docsy-plus v0.0.0-20221007192802-3b68a39bfb09/go.mod h1:YDHqf+DCZcx5HvKGzaBluPmLfgHQ2GKkYjggvF98jR4=
github.com/acend/docsy-plus v0.0.0-20221124133822-edd51fecdbeb h1:CmN6u5xQRSF5QwnCOCS9zf5VKQO5sZ3SEfwbEG/Tuqc=
github.com/acend/docsy-plus v0.0.0-20221124133822-edd51fecdbeb/go.mod h1:YDHqf+DCZcx5HvKGzaBluPmLfgHQ2GKkYjggvF98jR4=
github.com/acend/docsy-plus v0.0.0-20221209092845-53bb58a32d13 h1:F/3yfoHP+4ljnpRnVZN1bBzgizvhCbj5WDtcj75RAFE=
github.com/acend/docsy-plus v0.0.0-20221209092845-53bb58a32d13/go.mod h1:YDHqf+DCZcx5HvKGzaBluPmLfgHQ2GKkYjggvF98jR4=
github.com/acend/docsy-plus v0.0.0-20230123164631-18634a4858f3 h1:hfXKROkpAnOheSphm7Rhfw84LigCkuaV9Esl4yz8QXQ=
github.com/acend/docsy-plus v0.0.0-20230123164631-18634a4858f3/go.mod h1:YDHqf+DCZcx5HvKGzaBluPmLfgHQ2GKkYjggvF98jR4=
github.com/acend/docsy-plus v0.0.0-20230301142542-2164d6c7e428 h1:5GlTHYZ3W7/LWRD9G5aZHXdRnwb7zkgjR6gqCopLGMk=
github.com/acend/docsy-plus v0.0.0-20230301142542-2164d6c7e428/go.mod h1:YDHqf+DCZcx5HvKGzaBluPmLfgHQ2GKkYjggvF98jR4=
github.com/acend/docsy-plus v0.0.0-20230303095323-1af8d88aadc7 h1:gqzupsXEHLIk9fHmglX6Ob2gCXV/zf0ZYU9ksvqsWAo=
github.com/acend/docsy-plus v0.0.0-20230303095323-1af8d88aadc7/go.mod h1:YDHqf+DCZcx5HvKGzaBluPmLfgHQ2GKkYjggvF98jR4=
github.com/acend/docsy-plus v1.0.0 h1:Ag2xQv15gwqPnsvWSBP8GKAnRrctVkADwaG3Qymt5ww=
github.com/acend/docsy-plus v1.0.0/go.mod h1:YDHqf+DCZcx5HvKGzaBluPmLfgHQ2GKkYjggvF98jR4=
github.com/acend/docsy-plus v1.1.0 h1:MgHPR3YRPrJSWtMS3eQKJivdCEwFHCIKD0jChsZS3SM=
github.com/acend/docsy-plus v1.1.0/go.mod h1:LPbI0Ljrhzt0YHUg8qozWVUXjrMVI1cFVPn3TyQxbcY=
github.com/google/docsy v0.3.0 h1:wR0e0xJ6qIj/RPq2AP1Ufm44BCak9Sl72H2BWNAc/JA=
github.com/google/docsy v0.3.0/go.mod h1:opkofZo7WlNw+/pjrHSC2nAHJHQ6Xnms9vtL/htBvds=
github.com/google/docsy v0.4.0 h1:Eyt2aiDC1fnw/Qq/9xnIqUU5n5Yyk4c8gX3nBDdTv/4=
github.com/google/docsy v0.4.0/go.mod h1:vJjGkHNaw9bO42gpFTWwAUzHZWZEVlK46Kx7ikY5c7Y=
github.com/google/docsy v0.6.0 h1:43bVF18t2JihAamelQjjGzx1vO2ljCilVrBgetCA8oI=
github.com/google/docsy v0.6.0/go.mod h1:VKKLqD8PQ7AglJc98yBorATfW7GrNVsn0kGXVYF6G+M=
github.com/google/docsy v0.9.1 h1:+jqges1YCd+yHeuZ1BUvD8V8mEGVtPxULg5j/vaJ984=
github.com/google/docsy v0.9.1/go.mod h1:saOqKEUOn07Bc0orM/JdIF3VkOanHta9LU5Y53bwN2U=
github.com/google/docsy v0.10.0/go.mod h1:c0nIAqmRTOuJ01F85U/wJPQtc3Zj9N58Kea9bOT2AJc=
github.com/google/docsy/dependencies v0.3.0 h1:dQswd8iYGN0e0ULk/lUjY2rgmvFbr2qyW+QlvZYTrlM=
github.com/google/docsy/dependencies v0.3.0/go.mod h1:2zZxHF+2qvkyXhLZtsbnqMotxMukJXLaf8fAZER48oo=
github.com/google/docsy/dependencies v0.4.0 h1:FXwyjtuFfPIPBauU2t7uIAgS6VYfJf+OD5pzxGvkQsQ=
github.com/google/docsy/dependencies v0.4.0/go.mod h1:2zZxHF+2qvkyXhLZtsbnqMotxMukJXLaf8fAZER48oo=
github.com/google/docsy/dependencies v0.6.0 h1:BFXDCINbp8ZuUGl/mrHjMfhCg+b1YX+hVLAA5fGW7Pc=
github.com/google/docsy/dependencies v0.6.0/go.mod h1:EDGc2znMbGUw0RW5kWwy2oGgLt0iVXBmoq4UOqstuNE=
github.com/google/docsy/dependencies v0.7.2 h1:+t5ufoADQAj4XneFphz4A+UU0ICAxmNaRHVWtMYXPSI=
github.com/google/docsy/dependencies v0.7.2/go.mod h1:gihhs5gmgeO+wuoay4FwOzob+jYJVyQbNaQOh788lD4=
github.com/puzzle/docsy-puzzle v0.0.0-20220406081603-2cd9f7c8d79a h1:ivuXhwliGTmfp4Zn9dqHiIHPUbniLhsbSYKrsQIoFKM=
github.com/puzzle/docsy-puzzle v0.0.0-20220406081603-2cd9f7c8d79a/go.mod h1:FHtQEgHYfsiO5d1XXaF/mD5C51PQw1kea8JwTGBs93o=
github.com/puzzle/docsy-puzzle v0.0.0-20230123144731-757054047a02 h1:80gTlzoKpnRjr4F70KAXmNs6UsTAkPgYEyyVguDwheg=
github.com/puzzle/docsy-puzzle v0.0.0-20230123144731-757054047a02/go.mod h1:q4bPnnpLaz5IDdFmQFxCHr85uwAsK9ayut5NNmC4w3I=
github.com/schlapzz/docsy-acend v0.0.0-20230301103603-e946c5ca4375 h1:XpcMSmhdwJNjJXTOtDFWbyuQ6A10i+PaA/JKcQTfCjA=
github.com/schlapzz/docsy-acend v0.0.0-20230301103603-e946c5ca4375/go.mod h1:PIPW/k9dJss1gcLMGCeiRnai4XJ7/WxK5yy7BFa9Z8g=
github.com/schlapzz/docsy-acend v0.0.0-20230301104141-7dd908d6d77b h1:7ge+FOK40qMJEYh4LV6AZQDLUPezQ5bVJ34kq7G2utA=
github.com/schlapzz/docsy-acend v0.0.0-20230301104141-7dd908d6d77b/go.mod h1:PIPW/k9dJss1gcLMGCeiRnai4XJ7/WxK5yy7BFa9Z8g=
github.com/schlapzz/docsy-acend v0.0.0-20230301104745-876d007ddbdd h1:rxX5ZYAboiFXI2iQuWkDhONk7W3m/FV0REY6rOBjXXU=
github.com/schlapzz/docsy-acend v0.0.0-20230301104745-876d007ddbdd/go.mod h1:PIPW/k9dJss1gcLMGCeiRnai4XJ7/WxK5yy7BFa9Z8g=
github.com/schlapzz/docsy-acend v0.0.0-20230301115750-8cd359ac6a4f h1:mKYk45Qfuoy0EcKUgtDtY2ad3ofdP4URWlknjMlmc4c=
github.com/schlapzz/docsy-acend v0.0.0-20230301115750-8cd359ac6a4f/go.mod h1:PIPW/k9dJss1gcLMGCeiRnai4XJ7/WxK5yy7BFa9Z8g=
github.com/schlapzz/docsy-acend v0.0.0-20230301115849-1cee4b76629b h1:to4Y4TV4f8Owpcs7hik87Mjp9HLvx9RQgBi2NLrayyg=
github.com/schlapzz/docsy-acend v0.0.0-20230301115849-1cee4b76629b/go.mod h1:PIPW/k9dJss1gcLMGCeiRnai4XJ7/WxK5yy7BFa9Z8g=
github.com/schlapzz/docsy-acend v0.0.0-20230301120052-43411bd355f6 h1:HO8SMccSUagOaU6zD+HyDoULir6oIh7HghYeyMBBrBY=
github.com/schlapzz/docsy-acend v0.0.0-20230301120052-43411bd355f6/go.mod h1:PIPW/k9dJss1gcLMGCeiRnai4XJ7/WxK5yy7BFa9Z8g=
github.com/schlapzz/docsy-acend v0.0.0-20230301120255-9f77da3582d3 h1:sFc9YEoS364e1Fy+iZ563UFkZ1JJCWp3WRZu9J4tsn0=
github.com/schlapzz/docsy-acend v0.0.0-20230301120255-9f77da3582d3/go.mod h1:PIPW/k9dJss1gcLMGCeiRnai4XJ7/WxK5yy7BFa9Z8g=
github.com/schlapzz/docsy-acend v0.0.0-20230301125205-3c502ed8d774 h1:O/+wDfi34N3lr5rkisEc6PC8pZkMV4ZoVXcd4QOySEE=
github.com/schlapzz/docsy-acend v0.0.0-20230301125205-3c502ed8d774/go.mod h1:PIPW/k9dJss1gcLMGCeiRnai4XJ7/WxK5yy7BFa9Z8g=
github.com/schlapzz/docsy-acend v0.0.0-20230301135152-89113ea634ae h1:k/xwO86BfVFTTDGOzyryn5WGawx5JHA3X0kbAZaezNY=
github.com/schlapzz/docsy-acend v0.0.0-20230301135152-89113ea634ae/go.mod h1:PIPW/k9dJss1gcLMGCeiRnai4XJ7/WxK5yy7BFa9Z8g=
github.com/schlapzz/docsy-acend v0.0.0-20230301135842-1606c9de6340 h1:S/Qv15wvgdlX6WSdWIIJvxx3E8oTgeNPwcbj4w+1lzY=
github.com/schlapzz/docsy-acend v0.0.0-20230301135842-1606c9de6340/go.mod h1:PIPW/k9dJss1gcLMGCeiRnai4XJ7/WxK5yy7BFa9Z8g=
github.com/schlapzz/docsy-acend v0.0.0-20230301135932-647a498068fb h1:nuOPd1HQufEdCnWo5a9CUXAbBGPC+NJMMS4J196+yoo=
github.com/schlapzz/docsy-acend v0.0.0-20230301135932-647a498068fb/go.mod h1:PIPW/k9dJss1gcLMGCeiRnai4XJ7/WxK5yy7BFa9Z8g=
github.com/schlapzz/docsy-plus v0.0.0-20230301125044-aab2fc95c901 h1:I2nSui2aMGNmgo+hZ+td8GtEKQDJuavLXwACeQshvoM=
github.com/schlapzz/docsy-plus v0.0.0-20230301125044-aab2fc95c901/go.mod h1:+6rOaK8Zbu1hv5wNXHAgrcdwr/S6CRoqLmwc7o5lRds=
github.com/schlapzz/docsy-plus v0.0.0-20230301135345-86938c9910ac h1:fP0V1qN/HMGkKIWwD1W5zbiQ4tg0RA8X7eIHHNUSXzk=
github.com/schlapzz/docsy-plus v0.0.0-20230301135345-86938c9910ac/go.mod h1:+6rOaK8Zbu1hv5wNXHAgrcdwr/S6CRoqLmwc7o5lRds=
github.com/schlapzz/docsy-plus v0.0.0-20230301135459-924ad7ac4c67 h1:T41nKlJ1IsZPczphqQbC2k2+3uu4ZM2tAPCzovdmkVo=
github.com/schlapzz/docsy-plus v0.0.0-20230301135459-924ad7ac4c67/go.mod h1:+6rOaK8Zbu1hv5wNXHAgrcdwr/S6CRoqLmwc7o5lRds=
github.com/schlapzz/docsy-plus v0.0.0-20230301141207-dc10d72373c2 h1:WADb6HUI41TjCjqfRF8mInePcYbu0Y6HA6JLL3LX49w=
github.com/schlapzz/docsy-plus v0.0.0-20230301141207-dc10d72373c2/go.mod h1:+6rOaK8Zbu1hv5wNXHAgrcdwr/S6CRoqLmwc7o5lRds=
github.com/schlapzz/docsy-plus v0.0.0-20230301141323-1a120373268f h1:Rng8sMWzdNrzRiTFjYA0YP+RhS7D2gMi4oS2XI1LVT0=
github.com/schlapzz/docsy-plus v0.0.0-20230301141323-1a120373268f/go.mod h1:+6rOaK8Zbu1hv5wNXHAgrcdwr/S6CRoqLmwc7o5lRds=
github.com/schlapzz/docsy-plus v0.0.0-20230301141745-50bbff570762 h1:cIFUhnmuGmgt1GvnOrA3zDfsqG7B2AL7Qnz6JDTybOo=
github.com/schlapzz/docsy-plus v0.0.0-20230301141745-50bbff570762/go.mod h1:+6rOaK8Zbu1hv5wNXHAgrcdwr/S6CRoqLmwc7o5lRds=
github.com/schlapzz/docsy-plus v0.0.0-20230301141823-5f68e51486b5 h1:FLQ0f35poAHqEgFQaJqQepJVmAcLeWa1yFqZn5cRBcg=
github.com/schlapzz/docsy-plus v0.0.0-20230301141823-5f68e51486b5/go.mod h1:+6rOaK8Zbu1hv5wNXHAgrcdwr/S6CRoqLmwc7o5lRds=
github.com/schlapzz/docsy-plus v0.0.0-20230301141955-c3fa9597381b h1:8Vw6wHFyYwDzjs3qdws1BAJaTASdcL/surXF/dx05ro=
github.com/schlapzz/docsy-plus v0.0.0-20230301141955-c3fa9597381b/go.mod h1:+6rOaK8Zbu1hv5wNXHAgrcdwr/S6CRoqLmwc7o5lRds=
github.com/twbs/bootstrap v4.6.1+incompatible/go.mod h1:fZTSrkpSf0/HkL0IIJzvVspTt1r9zuf7XlZau8kpcY0=
github.com/twbs/bootstrap v4.6.2+incompatible/go.mod h1:fZTSrkpSf0/HkL0IIJzvVspTt1r9zuf7XlZau8kpcY0=
github.com/twbs/bootstrap v5.2.3+incompatible/go.mod h1:fZTSrkpSf0/HkL0IIJzvVspTt1r9zuf7XlZau8kpcY0=
github.com/twbs/bootstrap v5.3.3+incompatible h1:goFoqinzdHfkeegpFP7pvhbd0g+A3O2hbU3XCjuNrEQ=
github.com/twbs/bootstrap v5.3.3+incompatible/go.mod h1:fZTSrkpSf0/HkL0IIJzvVspTt1r9zuf7XlZau8kpcY0=
